
Microsoft Visual Studio Solution File, Format Version 12.00
# Visual Studio Version 16
VisualStudioVersion = 16.0.31229.75
MinimumVisualStudioVersion = 10.0.40219.1
Project("{FAE04EC0-301F-11D3-BF4B-00C04F79EFBC}") = "GreenPixelsCalculator", "GreenPixelsCalculator\GreenPixelsCalculator.csproj", "{754B4F53-482F-4B19-8D3C-565AD7B70721}"
EndProject
Global
	GlobalSection(SolutionConfigurationPlatforms) = preSolution
		Debug|Any CPU = Debug|Any CPU
		Release|Any CPU = Release|Any CPU
	EndGlobalSection
	GlobalSection(ProjectConfigurationPlatforms) = postSolution
		{754B4F53-482F-4B19-8D3C-565AD7B70721}.Debug|Any CPU.ActiveCfg = Debug|Any CPU
		{754B4F53-482F-4B19-8D3C-565AD7B70721}.Debug|Any CPU.Build.0 = Debug|Any CPU
		{754B4F53-482F-4B19-8D3C-565AD7B70721}.Release|Any CPU.ActiveCfg = Release|Any CPU
		{754B4F53-482F-4B19-8D3C-565AD7B70721}.Release|Any CPU.Build.0 = Release|Any CPU
	EndGlobalSection
	GlobalSection(SolutionProperties) = preSolution
		HideSolutionNode = FALSE
	EndGlobalSection
	GlobalSection(ExtensibilityGlobals) = postSolution
		SolutionGuid = {CBA5543C-4341-4849-9281-E4C09E8B950A}
	EndGlobalSection
EndGlobal
